<?xml version="1.0" encoding="utf-8"?>
<Project ToolsVersion="4.0" xmlns="http://schemas.microsoft.com/developer/msbuild/2003">
  <ItemGroup>
    <Filter Include="Pliki źródłowe">
      <UniqueIdentifier>{4FC737F1-C7A5-4376-A066-2A32D752A2FF}</UniqueIdentifier>
      <Extensions>cpp;c;cc;cxx;c++;cppm;ixx;def;odl;idl;hpj;bat;asm;asmx</Extensions>
    </Filter>
    <Filter Include="Pliki nagłówkowe">
      <UniqueIdentifier>{93995380-89BD-4b04-88EB-625FBE52EBFB}</UniqueIdentifier>
      <Extensions>h;hh;hpp;hxx;h++;hm;inl;inc;ipp;xsd</Extensions>
    </Filter>
    <Filter Include="Pliki zasobów">
      <UniqueIdentifier>{67DA6AB6-F800-4c08-8B7A-83BB121AAD01}</UniqueIdentifier>
      <Extensions>rc;ico;cur;bmp;dlg;rc2;rct;bin;rgs;gif;jpg;jpeg;jpe;resx;tiff;tif;png;wav;mfcribbon-ms</Extensions>
    </Filter>
    <Filter Include="Pliki nagłówkowe\engine">
      <UniqueIdentifier>{9353ad35-b382-41ea-8339-2114768a817e}</UniqueIdentifier>
    </Filter>
    <Filter Include="Pliki źródłowe\DrawingHandlers">
      <UniqueIdentifier>{be52e395-6786-4edf-a115-d336e6fed5f7}</UniqueIdentifier>
    </Filter>
    <Filter Include="Pliki źródłowe\Entities">
      <UniqueIdentifier>{dccf39d6-25e2-4063-a408-b7477afc5f6e}</UniqueIdentifier>
    </Filter>
    <Filter Include="Pliki źródłowe\EntitiesHandlers">
      <UniqueIdentifier>{2d9896e8-b2be-417e-9351-fc21411ad77d}</UniqueIdentifier>
    </Filter>
    <Filter Include="Pliki źródłowe\PhysicsHandlers">
      <UniqueIdentifier>{7f3a416f-d7dc-455d-b255-4cb360c6512c}</UniqueIdentifier>
    </Filter>
    <Filter Include="Pliki źródłowe\MapUtils">
      <UniqueIdentifier>{4bbe468d-d203-4f43-b017-900560625eea}</UniqueIdentifier>
    </Filter>
    <Filter Include="Pliki źródłowe\Utils">
      <UniqueIdentifier>{f609d8f7-0cf4-441e-a231-cd02d2b884cc}</UniqueIdentifier>
    </Filter>
    <Filter Include="Pliki źródłowe\Utils\inl">
      <UniqueIdentifier>{9a0da9a3-1f26-42b6-b32e-3eae34b01b7c}</UniqueIdentifier>
    </Filter>
    <Filter Include="Pliki źródłowe\Game">
      <UniqueIdentifier>{bd9b91f2-eac6-49f5-a300-f0b8954187f7}</UniqueIdentifier>
    </Filter>
  </ItemGroup>
  <ItemGroup>
    <ClCompile Include="Surviving Mars.cpp">
      <Filter>Pliki źródłowe</Filter>
    </ClCompile>
    <ClCompile Include="engine\DrawingHandlers\AnimationHandler.cpp">
      <Filter>Pliki źródłowe\DrawingHandlers</Filter>
    </ClCompile>
    <ClCompile Include="engine\DrawingHandlers\DrawingHandler.cpp">
      <Filter>Pliki źródłowe\DrawingHandlers</Filter>
    </ClCompile>
    <ClCompile Include="engine\Entities\BasicEntity.cpp">
      <Filter>Pliki źródłowe\Entities</Filter>
    </ClCompile>
    <ClCompile Include="engine\Utils\Interfaces.cpp">
      <Filter>Pliki źródłowe\Utils</Filter>
    </ClCompile>
    <ClCompile Include="engine\Utils\functions.cpp">
      <Filter>Pliki źródłowe\Utils</Filter>
    </ClCompile>
    <ClCompile Include="engine\Utils\EntityBase.cpp">
      <Filter>Pliki źródłowe\Utils</Filter>
    </ClCompile>
    <ClCompile Include="engine\Utils\DrawableBase.cpp">
      <Filter>Pliki źródłowe\Utils</Filter>
    </ClCompile>
    <ClCompile Include="engine\PhysicsHandlers\CollisionHandler.cpp">
      <Filter>Pliki źródłowe\PhysicsHandlers</Filter>
    </ClCompile>
    <ClCompile Include="engine\Utils\Shapes.cpp">
      <Filter>Pliki źródłowe\Utils</Filter>
    </ClCompile>
    <ClCompile Include="engine\Game\Game.cpp">
      <Filter>Pliki źródłowe\Game</Filter>
    </ClCompile>
    <ClCompile Include="engine\Game\TitleScreen.cpp">
      <Filter>Pliki źródłowe\Game</Filter>
    </ClCompile>
  </ItemGroup>
  <ItemGroup>
    <ClInclude Include="engine\DrawingHandlers.hpp">
      <Filter>Pliki nagłówkowe\engine</Filter>
    </ClInclude>
    <ClInclude Include="engine\EntitiesHandlers.hpp">
      <Filter>Pliki nagłówkowe\engine</Filter>
    </ClInclude>
    <ClInclude Include="engine\PhysicsHandlers.hpp">
      <Filter>Pliki nagłówkowe\engine</Filter>
    </ClInclude>
    <ClInclude Include="engine\MapUtils.hpp">
      <Filter>Pliki nagłówkowe\engine</Filter>
    </ClInclude>
    <ClInclude Include="engine\Utils.hpp">
      <Filter>Pliki nagłówkowe\engine</Filter>
    </ClInclude>
    <ClInclude Include="engine\Defines.hpp">
      <Filter>Pliki nagłówkowe\engine</Filter>
    </ClInclude>
    <ClInclude Include="engine\Game.hpp">
      <Filter>Pliki nagłówkowe\engine</Filter>
    </ClInclude>
  </ItemGroup>
  <ItemGroup>
    <None Include="engine\Utils\inl\EntityBase.inl">
      <Filter>Pliki źródłowe\Utils\inl</Filter>
    </None>
  </ItemGroup>
</Project>